{
  "name": "Globiflow_Navigator",
  "lockfileVersion": 2,
  "requires": true,
  "packages": {
    "": {
      "dependencies": {
        "two.js": "^0.8.3"
      }
    },
    "node_modules/two.js": {
      "version": "0.8.5",
      "resolved": "https://registry.npmjs.org/two.js/-/two.js-0.8.5.tgz",
      "integrity": "sha512-BCiITjeFIFVnAczjZCwlnUrj6ste2Mad5j65xYodCheq+wUyAljhda+autpNsTdXJIKw5rhfomdL46+kzlKIJg=="
    }
  },
  "dependencies": {
    "two.js": {
      "version": "0.8.5",
      "resolved": "https://registry.npmjs.org/two.js/-/two.js-0.8.5.tgz",
      "integrity": "sha512-BCiITjeFIFVnAczjZCwlnUrj6ste2Mad5j65xYodCheq+wUyAljhda+autpNsTdXJIKw5rhfomdL46+kzlKIJg=="
    }
  }
}
